github.com/gotk3/gotk3 v0.6.0 h1:Aqlq4/6VabNwtCyA9M9zFNad5yHAqCi5heWnZ9y+3dA=
github.com/gotk3/gotk3 v0.6.0/go.mod h1:/hqFpkNa9T3JgNAE2fLvCdov7c5bw//FHNZrZ3Uv9/Q=
golang.design/x/thread v0.0.0-20210122121316-335e9adffdf1 h1:P7S/GeHBAFEZIYp0ePPs2kHXoazz8q2KsyxHyQVGCJg=
golang.design/x/thread v0.0.0-20210122121316-335e9adffdf1/go.mod h1:9CWpnTUmlQkfdpdutA1nNf4iE5lAVt3QZOu0Z6hahBE=
golang.org/x/sys v0.0.0-20210122093101-04d7465088b8 h1:de2yTH1xuxjmGB7i6Z5o2z3RCHVa0XlpSZzjd8Fe6bE=
golang.org/x/sys v0.0.0-20210122093101-04d7465088b8/go.mod h1:h1NjWce9XRLGQEsW7wpKNCjG9DtNlClVuFLEZdDNbEs=
